
Microsoft Visual Studio Solution File, Format Version 12.00
# Visual Studio Version 16
VisualStudioVersion = 16.0.32413.511
MinimumVisualStudioVersion = 10.0.40219.1
Project("{C7167F0D-BC9F-4E6E-AFE1-012C56B48DB5}") = "Package", "Package\Package.wapproj", "{61CE7978-C9AC-4DA6-804D-2C5D967985DB}"
EndProject
Project("{2150E333-8FDC-42A3-9474-1A3956D46DE8}") = "UWP", "UWP", "{BDBAE953-85F7-4A12-AA1D-FFA5FC247034}"
EndProject
Project("{FAE04EC0-301F-11D3-BF4B-00C04F79EFBC}") = "UWP_UI", "UWP_UI\UWP_UI.csproj", "{75CC357D-9504-4C5A-9465-EB6636C457EC}"
EndProject
Project("{2150E333-8FDC-42A3-9474-1A3956D46DE8}") = "LAUNCHER", "LAUNCHER", "{595A24D4-B556-4AE2-A4B6-723AEA4E188F}"
EndProject
Project("{2150E333-8FDC-42A3-9474-1A3956D46DE8}") = "FULLTRUST_NET_FRAMEWORK", "FULLTRUST_NET_FRAMEWORK", "{DA8C1929-491F-4803-AEF9-EB96FD46C306}"
EndProject
Project("{FAE04EC0-301F-11D3-BF4B-00C04F79EFBC}") = "Package_Launcher", "Package_Launcher\Package_Launcher.csproj", "{8CD06892-F29C-423F-BFEC-FB0AEF0AECE8}"
EndProject
Project("{FAE04EC0-301F-11D3-BF4B-00C04F79EFBC}") = "FullTrustExtension", "FullTrustExtension\FullTrustExtension.csproj", "{61F6700A-84F8-4252-BD5D-EDA392C7DA36}"
EndProject
Global
	GlobalSection(SolutionConfigurationPlatforms) = preSolution
		Debug|Any CPU = Debug|Any CPU
		Debug|ARM = Debug|ARM
		Debug|ARM64 = Debug|ARM64
		Debug|x64 = Debug|x64
		Debug|x86 = Debug|x86
		Release|Any CPU = Release|Any CPU
		Release|ARM = Release|ARM
		Release|ARM64 = Release|ARM64
		Release|x64 = Release|x64
		Release|x86 = Release|x86
	EndGlobalSection
	GlobalSection(ProjectConfigurationPlatforms) = postSolution
		{61CE7978-C9AC-4DA6-804D-2C5D967985DB}.Debug|Any CPU.ActiveCfg = Debug|Any CPU
		{61CE7978-C9AC-4DA6-804D-2C5D967985DB}.Debug|Any CPU.Build.0 = Debug|Any CPU
		{61CE7978-C9AC-4DA6-804D-2C5D967985DB}.Debug|Any CPU.Deploy.0 = Debug|Any CPU
		{61CE7978-C9AC-4DA6-804D-2C5D967985DB}.Debug|ARM.ActiveCfg = Debug|ARM
		{61CE7978-C9AC-4DA6-804D-2C5D967985DB}.Debug|ARM.Build.0 = Debug|ARM
		{61CE7978-C9AC-4DA6-804D-2C5D967985DB}.Debug|ARM.Deploy.0 = Debug|ARM
		{61CE7978-C9AC-4DA6-804D-2C5D967985DB}.Debug|ARM64.ActiveCfg = Debug|ARM64
		{61CE7978-C9AC-4DA6-804D-2C5D967985DB}.Debug|ARM64.Build.0 = Debug|ARM64
		{61CE7978-C9AC-4DA6-804D-2C5D967985DB}.Debug|ARM64.Deploy.0 = Debug|ARM64
		{61CE7978-C9AC-4DA6-804D-2C5D967985DB}.Debug|x64.ActiveCfg = Debug|x64
		{61CE7978-C9AC-4DA6-804D-2C5D967985DB}.Debug|x64.Build.0 = Debug|x64
		{61CE7978-C9AC-4DA6-804D-2C5D967985DB}.Debug|x64.Deploy.0 = Debug|x64
		{61CE7978-C9AC-4DA6-804D-2C5D967985DB}.Debug|x86.ActiveCfg = Debug|x86
		{61CE7978-C9AC-4DA6-804D-2C5D967985DB}.Debug|x86.Build.0 = Debug|x86
		{61CE7978-C9AC-4DA6-804D-2C5D967985DB}.Debug|x86.Deploy.0 = Debug|x86
		{61CE7978-C9AC-4DA6-804D-2C5D967985DB}.Release|Any CPU.ActiveCfg = Release|Any CPU
		{61CE7978-C9AC-4DA6-804D-2C5D967985DB}.Release|Any CPU.Build.0 = Release|Any CPU
		{61CE7978-C9AC-4DA6-804D-2C5D967985DB}.Release|Any CPU.Deploy.0 = Release|Any CPU
		{61CE7978-C9AC-4DA6-804D-2C5D967985DB}.Release|ARM.ActiveCfg = Release|ARM
		{61CE7978-C9AC-4DA6-804D-2C5D967985DB}.Release|ARM.Build.0 = Release|ARM
		{61CE7978-C9AC-4DA6-804D-2C5D967985DB}.Release|ARM.Deploy.0 = Release|ARM
		{61CE7978-C9AC-4DA6-804D-2C5D967985DB}.Release|ARM64.ActiveCfg = Release|ARM64
		{61CE7978-C9AC-4DA6-804D-2C5D967985DB}.Release|ARM64.Build.0 = Release|ARM64
		{61CE7978-C9AC-4DA6-804D-2C5D967985DB}.Release|ARM64.Deploy.0 = Release|ARM64
		{61CE7978-C9AC-4DA6-804D-2C5D967985DB}.Release|x64.ActiveCfg = Release|x64
		{61CE7978-C9AC-4DA6-804D-2C5D967985DB}.Release|x64.Build.0 = Release|x64
		{61CE7978-C9AC-4DA6-804D-2C5D967985DB}.Release|x64.Deploy.0 = Release|x64
		{61CE7978-C9AC-4DA6-804D-2C5D967985DB}.Release|x86.ActiveCfg = Release|x86
		{61CE7978-C9AC-4DA6-804D-2C5D967985DB}.Release|x86.Build.0 = Release|x86
		{61CE7978-C9AC-4DA6-804D-2C5D967985DB}.Release|x86.Deploy.0 = Release|x86
		{75CC357D-9504-4C5A-9465-EB6636C457EC}.Debug|Any CPU.ActiveCfg = Debug|x86
		{75CC357D-9504-4C5A-9465-EB6636C457EC}.Debug|ARM.ActiveCfg = Debug|ARM
		{75CC357D-9504-4C5A-9465-EB6636C457EC}.Debug|ARM.Build.0 = Debug|ARM
		{75CC357D-9504-4C5A-9465-EB6636C457EC}.Debug|ARM.Deploy.0 = Debug|ARM
		{75CC357D-9504-4C5A-9465-EB6636C457EC}.Debug|ARM64.ActiveCfg = Debug|ARM64
		{75CC357D-9504-4C5A-9465-EB6636C457EC}.Debug|ARM64.Build.0 = Debug|ARM64
		{75CC357D-9504-4C5A-9465-EB6636C457EC}.Debug|ARM64.Deploy.0 = Debug|ARM64
		{75CC357D-9504-4C5A-9465-EB6636C457EC}.Debug|x64.ActiveCfg = Debug|x64
		{75CC357D-9504-4C5A-9465-EB6636C457EC}.Debug|x64.Build.0 = Debug|x64
		{75CC357D-9504-4C5A-9465-EB6636C457EC}.Debug|x86.ActiveCfg = Debug|x86
		{75CC357D-9504-4C5A-9465-EB6636C457EC}.Debug|x86.Build.0 = Debug|x86
		{75CC357D-9504-4C5A-9465-EB6636C457EC}.Debug|x86.Deploy.0 = Debug|x86
		{75CC357D-9504-4C5A-9465-EB6636C457EC}.Release|Any CPU.ActiveCfg = Release|x86
		{75CC357D-9504-4C5A-9465-EB6636C457EC}.Release|ARM.ActiveCfg = Release|ARM
		{75CC357D-9504-4C5A-9465-EB6636C457EC}.Release|ARM.Build.0 = Release|ARM
		{75CC357D-9504-4C5A-9465-EB6636C457EC}.Release|ARM.Deploy.0 = Release|ARM
		{75CC357D-9504-4C5A-9465-EB6636C457EC}.Release|ARM64.ActiveCfg = Release|ARM64
		{75CC357D-9504-4C5A-9465-EB6636C457EC}.Release|ARM64.Build.0 = Release|ARM64
		{75CC357D-9504-4C5A-9465-EB6636C457EC}.Release|ARM64.Deploy.0 = Release|ARM64
		{75CC357D-9504-4C5A-9465-EB6636C457EC}.Release|x64.ActiveCfg = Release|x64
		{75CC357D-9504-4C5A-9465-EB6636C457EC}.Release|x64.Build.0 = Release|x64
		{75CC357D-9504-4C5A-9465-EB6636C457EC}.Release|x64.Deploy.0 = Release|x64
		{75CC357D-9504-4C5A-9465-EB6636C457EC}.Release|x86.ActiveCfg = Release|x86
		{75CC357D-9504-4C5A-9465-EB6636C457EC}.Release|x86.Build.0 = Release|x86
		{75CC357D-9504-4C5A-9465-EB6636C457EC}.Release|x86.Deploy.0 = Release|x86
		{8CD06892-F29C-423F-BFEC-FB0AEF0AECE8}.Debug|Any CPU.ActiveCfg = Debug|Any CPU
		{8CD06892-F29C-423F-BFEC-FB0AEF0AECE8}.Debug|Any CPU.Build.0 = Debug|Any CPU
		{8CD06892-F29C-423F-BFEC-FB0AEF0AECE8}.Debug|ARM.ActiveCfg = Debug|Any CPU
		{8CD06892-F29C-423F-BFEC-FB0AEF0AECE8}.Debug|ARM.Build.0 = Debug|Any CPU
		{8CD06892-F29C-423F-BFEC-FB0AEF0AECE8}.Debug|ARM64.ActiveCfg = Debug|Any CPU
		{8CD06892-F29C-423F-BFEC-FB0AEF0AECE8}.Debug|ARM64.Build.0 = Debug|Any CPU
		{8CD06892-F29C-423F-BFEC-FB0AEF0AECE8}.Debug|x64.ActiveCfg = Debug|x64
		{8CD06892-F29C-423F-BFEC-FB0AEF0AECE8}.Debug|x64.Build.0 = Debug|x64
		{8CD06892-F29C-423F-BFEC-FB0AEF0AECE8}.Debug|x86.ActiveCfg = Debug|Any CPU
		{8CD06892-F29C-423F-BFEC-FB0AEF0AECE8}.Debug|x86.Build.0 = Debug|Any CPU
		{8CD06892-F29C-423F-BFEC-FB0AEF0AECE8}.Release|Any CPU.ActiveCfg = Release|Any CPU
		{8CD06892-F29C-423F-BFEC-FB0AEF0AECE8}.Release|Any CPU.Build.0 = Release|Any CPU
		{8CD06892-F29C-423F-BFEC-FB0AEF0AECE8}.Release|ARM.ActiveCfg = Release|Any CPU
		{8CD06892-F29C-423F-BFEC-FB0AEF0AECE8}.Release|ARM.Build.0 = Release|Any CPU
		{8CD06892-F29C-423F-BFEC-FB0AEF0AECE8}.Release|ARM64.ActiveCfg = Release|Any CPU
		{8CD06892-F29C-423F-BFEC-FB0AEF0AECE8}.Release|ARM64.Build.0 = Release|Any CPU
		{8CD06892-F29C-423F-BFEC-FB0AEF0AECE8}.Release|x64.ActiveCfg = Release|Any CPU
		{8CD06892-F29C-423F-BFEC-FB0AEF0AECE8}.Release|x64.Build.0 = Release|Any CPU
		{8CD06892-F29C-423F-BFEC-FB0AEF0AECE8}.Release|x86.ActiveCfg = Release|Any CPU
		{8CD06892-F29C-423F-BFEC-FB0AEF0AECE8}.Release|x86.Build.0 = Release|Any CPU
		{61F6700A-84F8-4252-BD5D-EDA392C7DA36}.Debug|Any CPU.ActiveCfg = Debug|Any CPU
		{61F6700A-84F8-4252-BD5D-EDA392C7DA36}.Debug|Any CPU.Build.0 = Debug|Any CPU
		{61F6700A-84F8-4252-BD5D-EDA392C7DA36}.Debug|ARM.ActiveCfg = Debug|Any CPU
		{61F6700A-84F8-4252-BD5D-EDA392C7DA36}.Debug|ARM.Build.0 = Debug|Any CPU
		{61F6700A-84F8-4252-BD5D-EDA392C7DA36}.Debug|ARM64.ActiveCfg = Debug|Any CPU
		{61F6700A-84F8-4252-BD5D-EDA392C7DA36}.Debug|ARM64.Build.0 = Debug|Any CPU
		{61F6700A-84F8-4252-BD5D-EDA392C7DA36}.Debug|x64.ActiveCfg = Debug|x64
		{61F6700A-84F8-4252-BD5D-EDA392C7DA36}.Debug|x64.Build.0 = Debug|x64
		{61F6700A-84F8-4252-BD5D-EDA392C7DA36}.Debug|x86.ActiveCfg = Debug|Any CPU
		{61F6700A-84F8-4252-BD5D-EDA392C7DA36}.Debug|x86.Build.0 = Debug|Any CPU
		{61F6700A-84F8-4252-BD5D-EDA392C7DA36}.Release|Any CPU.ActiveCfg = Release|Any CPU
		{61F6700A-84F8-4252-BD5D-EDA392C7DA36}.Release|Any CPU.Build.0 = Release|Any CPU
		{61F6700A-84F8-4252-BD5D-EDA392C7DA36}.Release|ARM.ActiveCfg = Release|Any CPU
		{61F6700A-84F8-4252-BD5D-EDA392C7DA36}.Release|ARM.Build.0 = Release|Any CPU
		{61F6700A-84F8-4252-BD5D-EDA392C7DA36}.Release|ARM64.ActiveCfg = Release|Any CPU
		{61F6700A-84F8-4252-BD5D-EDA392C7DA36}.Release|ARM64.Build.0 = Release|Any CPU
		{61F6700A-84F8-4252-BD5D-EDA392C7DA36}.Release|x64.ActiveCfg = Release|Any CPU
		{61F6700A-84F8-4252-BD5D-EDA392C7DA36}.Release|x64.Build.0 = Release|Any CPU
		{61F6700A-84F8-4252-BD5D-EDA392C7DA36}.Release|x86.ActiveCfg = Release|Any CPU
		{61F6700A-84F8-4252-BD5D-EDA392C7DA36}.Release|x86.Build.0 = Release|Any CPU
	EndGlobalSection
	GlobalSection(SolutionProperties) = preSolution
		HideSolutionNode = FALSE
	EndGlobalSection
	GlobalSection(NestedProjects) = preSolution
		{75CC357D-9504-4C5A-9465-EB6636C457EC} = {BDBAE953-85F7-4A12-AA1D-FFA5FC247034}
		{8CD06892-F29C-423F-BFEC-FB0AEF0AECE8} = {595A24D4-B556-4AE2-A4B6-723AEA4E188F}
		{61F6700A-84F8-4252-BD5D-EDA392C7DA36} = {DA8C1929-491F-4803-AEF9-EB96FD46C306}
	EndGlobalSection
	GlobalSection(ExtensibilityGlobals) = postSolution
		SolutionGuid = {9E1F2A21-E4B3-41A5-A4EA-949F5758DDD9}
	EndGlobalSection
EndGlobal
